// !$*UTF8*$!
{
	archiveVersion = 1;
	classes = {
	};
	objectVersion = 46;
	objects = {

/* Begin PBXBuildFile section */
		318EFA19211F18B800154671 /* Sounds in Resources */ = {isa = PBXBuildFile; fileRef = 318EFA18211F18B800154671 /* Sounds */; };
		318EFA1D211F18D400154671 /* Sprites.atlas in Resources */ = {isa = PBXBuildFile; fileRef = 318EFA1C211F18D400154671 /* Sprites.atlas */; };
		31E325E92119EF380075A2AA /* AppDelegate.swift in Sources */ = {isa = PBXBuildFile; fileRef = 31E325E82119EF380075A2AA /* AppDelegate.swift */; };
		31E325EB2119EF380075A2AA /* GameScene.sks in Resources */ = {isa = PBXBuildFile; fileRef = 31E325EA2119EF380075A2AA /* GameScene.sks */; };
		31E325ED2119EF380075A2AA /* GameScene.swift in Sources */ = {isa = PBXBuildFile; fileRef = 31E325EC2119EF380075A2AA /* GameScene.swift */; };
		31E325EF2119EF380075A2AA /* GameViewController.swift in Sources */ = {isa = PBXBuildFile; fileRef = 31E325EE2119EF380075A2AA /* GameViewController.swift */; };
		31E325F22119EF380075A2AA /* Main.storyboard in Resources */ = {isa = PBXBuildFile; fileRef = 31E325F02119EF380075A2AA /* Main.storyboard */; };
		31E325F42119EF380075A2AA /* Assets.xcassets in Resources */ = {isa = PBXBuildFile; fileRef = 31E325F32119EF380075A2AA /* Assets.xcassets */; };
		31E325F72119EF380075A2AA /* LaunchScreen.storyboard in Resources */ = {isa = PBXBuildFile; fileRef = 31E325F52119EF380075A2AA /* LaunchScreen.storyboard */; };
		31E326022119EF380075A2AA /* tetrisTests.swift in Sources */ = {isa = PBXBuildFile; fileRef = 31E326012119EF380075A2AA /* tetrisTests.swift */; };
		31E3260D2119EF380075A2AA /* tetrisUITests.swift in Sources */ = {isa = PBXBuildFile; fileRef = 31E3260C2119EF380075A2AA /* tetrisUITests.swift */; };
/* End PBXBuildFile section */

/* Begin PBXContainerItemProxy section */
		31E325FE2119EF380075A2AA /* PBXContainerItemProxy */ = {
			isa = PBXContainerItemProxy;
			containerPortal = 31E325DD2119EF380075A2AA /* Project object */;
			proxyType = 1;
			remoteGlobalIDString = 31E325E42119EF380075A2AA;
			remoteInfo = tetris;
		};
		31E326092119EF380075A2AA /* PBXContainerItemProxy */ = {
			isa = PBXContainerItemProxy;
			containerPortal = 31E325DD2119EF380075A2AA /* Project object */;
			proxyType = 1;
			remoteGlobalIDString = 31E325E42119EF380075A2AA;
			remoteInfo = tetris;
		};
/* End PBXContainerItemProxy section */

/* Begin PBXFileReference section */
		318EFA18211F18B800154671 /* Sounds */ = {isa = PBXFileReference; lastKnownFileType = folder; path = Sounds; sourceTree = "<group>"; };
		318EFA1C211F18D400154671 /* Sprites.atlas */ = {isa = PBXFileReference; lastKnownFileType = folder.skatlas; path = Sprites.atlas; sourceTree = "<group>"; };
		31E325E52119EF380075A2AA /* tetris.app */ = {isa = PBXFileReference; explicitFileType = wrapper.application; includeInIndex = 0; path = tetris.app; sourceTree = BUILT_PRODUCTS_DIR; };
		31E325E82119EF380075A2AA /* AppDelegate.swift */ = {isa = PBXFileReference; lastKnownFileType = sourcecode.swift; path = AppDelegate.swift; sourceTree = "<group>"; };
		31E325EA2119EF380075A2AA /* GameScene.sks */ = {isa = PBXFileReference; lastKnownFileType = file.sks; path = GameScene.sks; sourceTree = "<group>"; };
		31E325EC2119EF380075A2AA /* GameScene.swift */ = {isa = PBXFileReference; lastKnownFileType = sourcecode.swift; path = GameScene.swift; sourceTree = "<group>"; };
		31E325EE2119EF380075A2AA /* GameViewController.swift */ = {isa = PBXFileReference; lastKnownFileType = sourcecode.swift; path = GameViewController.swift; sourceTree = "<group>"; };
		31E325F12119EF380075A2AA /* Base */ = {isa = PBXFileReference; lastKnownFileType = file.storyboard; name = Base; path = Base.lproj/Main.storyboard; sourceTree = "<group>"; };
		31E325F32119EF380075A2AA /* Assets.xcassets */ = {isa = PBXFileReference; lastKnownFileType = folder.assetcatalog; path = Assets.xcassets; sourceTree = "<group>"; };
		31E325F62119EF380075A2AA /* Base */ = {isa = PBXFileReference; lastKnownFileType = file.storyboard; name = Base; path = Base.lproj/LaunchScreen.storyboard; sourceTree = "<group>"; };
		31E325F82119EF380075A2AA /* Info.plist */ = {isa = PBXFileReference; lastKnownFileType = text.plist.xml; path = Info.plist; sourceTree = "<group>"; };
		31E325FD2119EF380075A2AA /* tetrisTests.xctest */ = {isa = PBXFileReference; explicitFileType = wrapper.cfbundle; includeInIndex = 0; path = tetrisTests.xctest; sourceTree = BUILT_PRODUCTS_DIR; };
		31E326012119EF380075A2AA /* tetrisTests.swift */ = {isa = PBXFileReference; lastKnownFileType = sourcecode.swift; path = tetrisTests.swift; sourceTree = "<group>"; };
		31E326032119EF380075A2AA /* Info.plist */ = {isa = PBXFileReference; lastKnownFileType = text.plist.xml; path = Info.plist; sourceTree = "<group>"; };
		31E326082119EF380075A2AA /* tetrisUITests.xctest */ = {isa = PBXFileReference; explicitFileType = wrapper.cfbundle; includeInIndex = 0; path = tetrisUITests.xctest; sourceTree = BUILT_PRODUCTS_DIR; };
		31E3260C2119EF380075A2AA /* tetrisUITests.swift */ = {isa = PBXFileReference; lastKnownFileType = sourcecode.swift; path = tetrisUITests.swift; sourceTree = "<group>"; };
		31E3260E2119EF380075A2AA /* Info.plist */ = {isa = PBXFileReference; lastKnownFileType = text.plist.xml; path = Info.plist; sourceTree = "<group>"; };
/* End PBXFileReference section */

/* Begin PBXFrameworksBuildPhase section */
		31E325E22119EF380075A2AA /* Frameworks */ = {
			isa = PBXFrameworksBuildPhase;
			buildActionMask = 2147483647;
			files = (
			);
			runOnlyForDeploymentPostprocessing = 0;
		};
		31E325FA2119EF380075A2AA /* Frameworks */ = {
			isa = PBXFrameworksBuildPhase;
			buildActionMask = 2147483647;
			files = (
			);
			runOnlyForDeploymentPostprocessing = 0;
		};
		31E326052119EF380075A2AA /* Frameworks */ = {
			isa = PBXFrameworksBuildPhase;
			buildActionMask = 2147483647;
			files = (
			);
			runOnlyForDeploymentPostprocessing = 0;
		};
/* End PBXFrameworksBuildPhase section */

/* Begin PBXGroup section */
		31E325DC2119EF380075A2AA = {
			isa = PBXGroup;
			children = (
				31E325E72119EF380075A2AA /* tetris */,
				31E326002119EF380075A2AA /* tetrisTests */,
				31E3260B2119EF380075A2AA /* tetrisUITests */,
				31E325E62119EF380075A2AA /* Products */,
			);
			sourceTree = "<group>";
		};
		31E325E62119EF380075A2AA /* Products */ = {
			isa = PBXGroup;
			children = (
				31E325E52119EF380075A2AA /* tetris.app */,
				31E325FD2119EF380075A2AA /* tetrisTests.xctest */,
				31E326082119EF380075A2AA /* tetrisUITests.xctest */,
			);
			name = Products;
			sourceTree = "<group>";
		};
		31E325E72119EF380075A2AA /* tetris */ = {
			isa = PBXGroup;
			children = (
				318EFA1C211F18D400154671 /* Sprites.atlas */,
				318EFA18211F18B800154671 /* Sounds */,
				31E325E82119EF380075A2AA /* AppDelegate.swift */,
				31E325EA2119EF380075A2AA /* GameScene.sks */,
				31E325EC2119EF380075A2AA /* GameScene.swift */,
				31E325EE2119EF380075A2AA /* GameViewController.swift */,
				31E325F02119EF380075A2AA /* Main.storyboard */,
				31E325F32119EF380075A2AA /* Assets.xcassets */,
				31E325F52119EF380075A2AA /* LaunchScreen.storyboard */,
				31E325F82119EF380075A2AA /* Info.plist */,
			);
			path = tetris;
			sourceTree = "<group>";
		};
		31E326002119EF380075A2AA /* tetrisTests */ = {
			isa = PBXGroup;
			children = (
				31E326012119EF380075A2AA /* tetrisTests.swift */,
				31E326032119EF380075A2AA /* Info.plist */,
			);
			path = tetrisTests;
			sourceTree = "<group>";
		};
		31E3260B2119EF380075A2AA /* tetrisUITests */ = {
			isa = PBXGroup;
			children = (
				31E3260C2119EF380075A2AA /* tetrisUITests.swift */,
				31E3260E2119EF380075A2AA /* Info.plist */,
			);
			path = tetrisUITests;
			sourceTree = "<group>";
		};
/* End PBXGroup section */

/* Begin PBXNativeTarget section */
		31E325E42119EF380075A2AA /* tetris */ = {
			isa = PBXNativeTarget;
			buildConfigurationList = 31E326112119EF380075A2AA /* Build configuration list for PBXNativeTarget "tetris" */;
			buildPhases = (
				31E325E12119EF380075A2AA /* Sources */,
				31E325E22119EF380075A2AA /* Frameworks */,
				31E325E32119EF380075A2AA /* Resources */,
			);
			buildRules = (
			);
			dependencies = (
			);
			name = tetris;
			productName = tetris;
			productReference = 31E325E52119EF380075A2AA /* tetris.app */;
			productType = "com.apple.product-type.application";
		};
		31E325FC2119EF380075A2AA /* tetrisTests */ = {
			isa = PBXNativeTarget;
			buildConfigurationList = 31E326142119EF380075A2AA /* Build configuration list for PBXNativeTarget "tetrisTests" */;
			buildPhases = (
				31E325F92119EF380075A2AA /* Sources */,
				31E325FA2119EF380075A2AA /* Frameworks */,
				31E325FB2119EF380075A2AA /* Resources */,
			);
			buildRules = (
			);
			dependencies = (
				31E325FF2119EF380075A2AA /* PBXTargetDependency */,
			);
			name = tetrisTests;
			productName = tetrisTests;
			productReference = 31E325FD2119EF380075A2AA /* tetrisTests.xctest */;
			productType = "com.apple.product-type.bundle.unit-test";
		};
		31E326072119EF380075A2AA /* tetrisUITests */ = {
			isa = PBXNativeTarget;
			buildConfigurationList = 31E326172119EF380075A2AA /* Build configuration list for PBXNativeTarget "tetrisUITests" */;
			buildPhases = (
				31E326042119EF380075A2AA /* Sources */,
				31E326052119EF380075A2AA /* Frameworks */,
				31E326062119EF380075A2AA /* Resources */,
			);
			buildRules = (
			);
			dependencies = (
				31E3260A2119EF380075A2AA /* PBXTargetDependency */,
			);
			name = tetrisUITests;
			productName = tetrisUITests;
			productReference = 31E326082119EF380075A2AA /* tetrisUITests.xctest */;
			productType = "com.apple.product-type.bundle.ui-testing";
		};
/* End PBXNativeTarget section */

/* Begin PBXProject section */
		31E325DD2119EF380075A2AA /* Project object */ = {
			isa = PBXProject;
			attributes = {
				LastSwiftUpdateCheck = 0710;
				LastUpgradeCheck = 0710;
				ORGANIZATIONNAME = alche;
				TargetAttributes = {
					31E325E42119EF380075A2AA = {
						CreatedOnToolsVersion = 7.1;
					};
					31E325FC2119EF380075A2AA = {
						CreatedOnToolsVersion = 7.1;
						TestTargetID = 31E325E42119EF380075A2AA;
					};
					31E326072119EF380075A2AA = {
						CreatedOnToolsVersion = 7.1;
						TestTargetID = 31E325E42119EF380075A2AA;
					};
				};
			};
			buildConfigurationList = 31E325E02119EF380075A2AA /* Build configuration list for PBXProject "tetris" */;
			compatibilityVersion = "Xcode 3.2";
			developmentRegion = English;
			hasScannedForEncodings = 0;
			knownRegions = (
				en,
				Base,
			);
			mainGroup = 31E325DC2119EF380075A2AA;
			productRefGroup = 31E325E62119EF380075A2AA /* Products */;
			projectDirPath = "";
			projectRoot = "";
			targets = (
				31E325E42119EF380075A2AA /* tetris */,
				31E325FC2119EF380075A2AA /* tetrisTests */,
				31E326072119EF380075A2AA /* tetrisUITests */,
			);
		};
/* End PBXProject section */

/* Begin PBXResourcesBuildPhase section */
		31E325E32119EF380075A2AA /* Resources */ = {
			isa = PBXResourcesBuildPhase;
			buildActionMask = 2147483647;
			files = (
				318EFA19211F18B800154671 /* Sounds in Resources */,
				318EFA1D211F18D400154671 /* Sprites.atlas in Resources */,
				31E325EB2119EF380075A2AA /* GameScene.sks in Resources */,
				31E325F72119EF380075A2AA /* LaunchScreen.storyboard in Resources */,
				31E325F42119EF380075A2AA /* Assets.xcassets in Resources */,
				31E325F22119EF380075A2AA /* Main.storyboard in Resources */,
			);
			runOnlyForDeploymentPostprocessing = 0;
		};
		31E325FB2119EF380075A2AA /* Resources */ = {
			isa = PBXResourcesBuildPhase;
			buildActionMask = 2147483647;
			files = (
			);
			runOnlyForDeploymentPostprocessing = 0;
		};
		31E326062119EF380075A2AA /* Resources */ = {
			isa = PBXResourcesBuildPhase;
			buildActionMask = 2147483647;
			files = (
			);
			runOnlyForDeploymentPostprocessing = 0;
		};
/* End PBXResourcesBuildPhase section */

/* Begin PBXSourcesBuildPhase section */
		31E325E12119EF380075A2AA /* Sources */ = {
			isa = PBXSourcesBuildPhase;
			buildActionMask = 2147483647;
			files = (
				31E325ED2119EF380075A2AA /* GameScene.swift in Sources */,
				31E325EF2119EF380075A2AA /* GameViewController.swift in Sources */,
				31E325E92119EF380075A2AA /* AppDelegate.swift in Sources */,
			);
			runOnlyForDeploymentPostprocessing = 0;
		};
		31E325F92119EF380075A2AA /* Sources */ = {
			isa = PBXSourcesBuildPhase;
			buildActionMask = 2147483647;
			files = (
				31E326022119EF380075A2AA /* tetrisTests.swift in Sources */,
			);
			runOnlyForDeploymentPostprocessing = 0;
		};
		31E326042119EF380075A2AA /* Sources */ = {
			isa = PBXSourcesBuildPhase;
			buildActionMask = 2147483647;
			files = (
				31E3260D2119EF380075A2AA /* tetrisUITests.swift in Sources */,
			);
			runOnlyForDeploymentPostprocessing = 0;
		};
/* End PBXSourcesBuildPhase section */

/* Begin PBXTargetDependency section */
		31E325FF2119EF380075A2AA /* PBXTargetDependency */ = {
			isa = PBXTargetDependency;
			target = 31E325E42119EF380075A2AA /* tetris */;
			targetProxy = 31E325FE2119EF380075A2AA /* PBXContainerItemProxy */;
		};
		31E3260A2119EF380075A2AA /* PBXTargetDependency */ = {
			isa = PBXTargetDependency;
			target = 31E325E42119EF380075A2AA /* tetris */;
			targetProxy = 31E326092119EF380075A2AA /* PBXContainerItemProxy */;
		};
/* End PBXTargetDependency section */

/* Begin PBXVariantGroup section */
		31E325F02119EF380075A2AA /* Main.storyboard */ = {
			isa = PBXVariantGroup;
			children = (
				31E325F12119EF380075A2AA /* Base */,
			);
			name = Main.storyboard;
			sourceTree = "<group>";
		};
		31E325F52119EF380075A2AA /* LaunchScreen.storyboard */ = {
			isa = PBXVariantGroup;
			children = (
				31E325F62119EF380075A2AA /* Base */,
			);
			name = LaunchScreen.storyboard;
			sourceTree = "<group>";
		};
/* End PBXVariantGroup section */

/* Begin XCBuildConfiguration section */
		31E3260F2119EF380075A2AA /* Debug */ = {
			isa = XCBuildConfiguration;
			buildSettings = {
				ALWAYS_SEARCH_USER_PATHS = NO;
				CLANG_CXX_LANGUAGE_STANDARD = "gnu++0x";
				CLANG_CXX_LIBRARY = "libc++";
				CLANG_ENABLE_MODULES = YES;
				CLANG_ENABLE_OBJC_ARC = YES;
				CLANG_WARN_BOOL_CONVERSION = YES;
				CLANG_WARN_CONSTANT_CONVERSION = YES;
				CLANG_WARN_DIRECT_OBJC_ISA_USAGE = YES_ERROR;
				CLANG_WARN_EMPTY_BODY = YES;
				CLANG_WARN_ENUM_CONVERSION = YES;
				CLANG_WARN_INT_CONVERSION = YES;
				CLANG_WARN_OBJC_ROOT_CLASS = YES_ERROR;
				CLANG_WARN_UNREACHABLE_CODE = YES;
				CLANG_WARN__DUPLICATE_METHOD_MATCH = YES;
				"CODE_SIGN_IDENTITY[sdk=iphoneos*]" = "iPhone Developer";
				COPY_PHASE_STRIP = NO;
				DEBUG_INFORMATION_FORMAT = "dwarf-with-dsym";
				ENABLE_STRICT_OBJC_MSGSEND = YES;
				ENABLE_TESTABILITY = YES;
				GCC_C_LANGUAGE_STANDARD = gnu99;
				GCC_DYNAMIC_NO_PIC = NO;
				GCC_NO_COMMON_BLOCKS = YES;
				GCC_OPTIMIZATION_LEVEL = 0;
				GCC_PREPROCESSOR_DEFINITIONS = (
					"DEBUG=1",
					"$(inherited)",
				);
				GCC_WARN_64_TO_32_BIT_CONVERSION = YES;
				GCC_WARN_ABOUT_RETURN_TYPE = YES_ERROR;
				GCC_WARN_UNDECLARED_SELECTOR = YES;
				GCC_WARN_UNINITIALIZED_AUTOS = YES_AGGRESSIVE;
				GCC_WARN_UNUSED_FUNCTION = YES;
				GCC_WARN_UNUSED_VARIABLE = YES;
				IPHONEOS_DEPLOYMENT_TARGET = 9.1;
				MTL_ENABLE_DEBUG_INFO = YES;
				ONLY_ACTIVE_ARCH = YES;
				SDKROOT = iphoneos;
				SWIFT_OPTIMIZATION_LEVEL = "-Onone";
			};
			name = Debug;
		};
		31E326102119EF380075A2AA /* Release */ = {
			isa = XCBuildConfiguration;
			buildSettings = {
				ALWAYS_SEARCH_USER_PATHS = NO;
				CLANG_CXX_LANGUAGE_STANDARD = "gnu++0x";
				CLANG_CXX_LIBRARY = "libc++";
				CLANG_ENABLE_MODULES = YES;
				CLANG_ENABLE_OBJC_ARC = YES;
				CLANG_WARN_BOOL_CONVERSION = YES;
				CLANG_WARN_CONSTANT_CONVERSION = YES;
				CLANG_WARN_DIRECT_OBJC_ISA_USAGE = YES_ERROR;
				CLANG_WARN_EMPTY_BODY = YES;
				CLANG_WARN_ENUM_CONVERSION = YES;
				CLANG_WARN_INT_CONVERSION = YES;
				CLANG_WARN_OBJC_ROOT_CLASS = YES_ERROR;
				CLANG_WARN_UNREACHABLE_CODE = YES;
				CLANG_WARN__DUPLICATE_METHOD_MATCH = YES;
				"CODE_SIGN_IDENTITY[sdk=iphoneos*]" = "iPhone Developer";
				COPY_PHASE_STRIP = NO;
				DEBUG_INFORMATION_FORMAT = "dwarf-with-dsym";
				ENABLE_NS_ASSERTIONS = NO;
				ENABLE_STRICT_OBJC_MSGSEND = YES;
				GCC_C_LANGUAGE_STANDARD = gnu99;
				GCC_NO_COMMON_BLOCKS = YES;
				GCC_WARN_64_TO_32_BIT_CONVERSION = YES;
				GCC_WARN_ABOUT_RETURN_TYPE = YES_ERROR;
				GCC_WARN_UNDECLARED_SELECTOR = YES;
				GCC_WARN_UNINITIALIZED_AUTOS = YES_AGGRESSIVE;
				GCC_WARN_UNUSED_FUNCTION = YES;
				GCC_WARN_UNUSED_VARIABLE = YES;
				IPHONEOS_DEPLOYMENT_TARGET = 9.1;
				MTL_ENABLE_DEBUG_INFO = NO;
				SDKROOT = iphoneos;
				VALIDATE_PRODUCT = YES;
			};
			name = Release;
		};
		31E326122119EF380075A2AA /* Debug */ = {
			isa = XCBuildConfiguration;
			buildSettings = {
				ASSETCATALOG_COMPILER_APPICON_NAME = AppIcon;
				INFOPLIST_FILE = tetris/Info.plist;
				LD_RUNPATH_SEARCH_PATHS = "$(inherited) @executable_path/Frameworks";
				PRODUCT_BUNDLE_IDENTIFIER = alche.tetris;
				PRODUCT_NAME = "$(TARGET_NAME)";
			};
			name = Debug;
		};
		31E326132119EF380075A2AA /* Release */ = {
			isa = XCBuildConfiguration;
			buildSettings = {
				ASSETCATALOG_COMPILER_APPICON_NAME = AppIcon;
				INFOPLIST_FILE = tetris/Info.plist;
				LD_RUNPATH_SEARCH_PATHS = "$(inherited) @executable_path/Frameworks";
				PRODUCT_BUNDLE_IDENTIFIER = alche.tetris;
				PRODUCT_NAME = "$(TARGET_NAME)";
			};
			name = Release;
		};
		31E326152119EF380075A2AA /* Debug */ = {
			isa = XCBuildConfiguration;
			buildSettings = {
				BUNDLE_LOADER = "$(TEST_HOST)";
				DEBUG_INFORMATION_FORMAT = dwarf;
				INFOPLIST_FILE = tetrisTests/Info.plist;
				LD_RUNPATH_SEARCH_PATHS = "$(inherited) @executable_path/Frameworks @loader_path/Frameworks";
				PRODUCT_BUNDLE_IDENTIFIER = alche.tetrisTests;
				PRODUCT_NAME = "$(TARGET_NAME)";
				TEST_HOST = "$(BUILT_PRODUCTS_DIR)/tetris.app/tetris";
			};
			name = Debug;
		};
		31E326162119EF380075A2AA /* Release */ = {
			isa = XCBuildConfiguration;
			buildSettings = {
				BUNDLE_LOADER = "$(TEST_HOST)";
				INFOPLIST_FILE = tetrisTests/Info.plist;
				LD_RUNPATH_SEARCH_PATHS = "$(inherited) @executable_path/Frameworks @loader_path/Frameworks";
				PRODUCT_BUNDLE_IDENTIFIER = alche.tetrisTests;
				PRODUCT_NAME = "$(TARGET_NAME)";
				TEST_HOST = "$(BUILT_PRODUCTS_DIR)/tetris.app/tetris";
			};
			name = Release;
		};
		31E326182119EF380075A2AA /* Debug */ = {
			isa = XCBuildConfiguration;
			buildSettings = {
				DEBUG_INFORMATION_FORMAT = dwarf;
				INFOPLIST_FILE = tetrisUITests/Info.plist;
				LD_RUNPATH_SEARCH_PATHS = "$(inherited) @executable_path/Frameworks @loader_path/Frameworks";
				PRODUCT_BUNDLE_IDENTIFIER = alche.tetrisUITests;
				PRODUCT_NAME = "$(TARGET_NAME)";
				TEST_TARGET_NAME = tetris;
				USES_XCTRUNNER = YES;
			};
			name = Debug;
		};
		31E326192119EF380075A2AA /* Release */ = {
			isa = XCBuildConfiguration;
			buildSettings = {
				INFOPLIST_FILE = tetrisUITests/Info.plist;
				LD_RUNPATH_SEARCH_PATHS = "$(inherited) @executable_path/Frameworks @loader_path/Frameworks";
				PRODUCT_BUNDLE_IDENTIFIER = alche.tetrisUITests;
				PRODUCT_NAME = "$(TARGET_NAME)";
				TEST_TARGET_NAME = tetris;
				USES_XCTRUNNER = YES;
			};
			name = Release;
		};
/* End XCBuildConfiguration section */

/* Begin XCConfigurationList section */
		31E325E02119EF380075A2AA /* Build configuration list for PBXProject "tetris" */ = {
			isa = XCConfigurationList;
			buildConfigurations = (
				31E3260F2119EF380075A2AA /* Debug */,
				31E326102119EF380075A2AA /* Release */,
			);
			defaultConfigurationIsVisible = 0;
			defaultConfigurationName = Release;
		};
		31E326112119EF380075A2AA /* Build configuration list for PBXNativeTarget "tetris" */ = {
			isa = XCConfigurationList;
			buildConfigurations = (
				31E326122119EF380075A2AA /* Debug */,
				31E326132119EF380075A2AA /* Release */,
			);
			defaultConfigurationIsVisible = 0;
			defaultConfigurationName = Release;
		};
		31E326142119EF380075A2AA /* Build configuration list for PBXNativeTarget "tetrisTests" */ = {
			isa = XCConfigurationList;
			buildConfigurations = (
				31E326152119EF380075A2AA /* Debug */,
				31E326162119EF380075A2AA /* Release */,
			);
			defaultConfigurationIsVisible = 0;
			defaultConfigurationName = Release;
		};
		31E326172119EF380075A2AA /* Build configuration list for PBXNativeTarget "tetrisUITests" */ = {
			isa = XCConfigurationList;
			buildConfigurations = (
				31E326182119EF380075A2AA /* Debug */,
				31E326192119EF380075A2AA /* Release */,
			);
			defaultConfigurationIsVisible = 0;
			defaultConfigurationName = Release;
		};
/* End XCConfigurationList section */
	};
	rootObject = 31E325DD2119EF380075A2AA /* Project object */;
}
